
Microsoft Visual Studio Solution File, Format Version 12.00
# Visual Studio Version 17
VisualStudioVersion = 17.2.32602.215
MinimumVisualStudioVersion = 10.0.40219.1
Project("{2150E333-8FDC-42A3-9474-1A3956D46DE8}") = "API_LayersArchitecture", "API_LayersArchitecture", "{43B8A374-3BF9-4CAC-B648-2DDF4460FC07}"
EndProject
Project("{2150E333-8FDC-42A3-9474-1A3956D46DE8}") = "API_CleanArchitecture", "API_CleanArchitecture", "{BE504269-882A-4F63-B6F6-2E452D8CAFAD}"
EndProject
Project("{9A19103F-16F7-4668-BE54-9A1E7A4F7556}") = "Data", "API_LayersArchitecture\Data\Data.csproj", "{5B76F146-F8D5-48AC-90D7-847784AC14D3}"
EndProject
Project("{9A19103F-16F7-4668-BE54-9A1E7A4F7556}") = "Models", "API_LayersArchitecture\Models\Models.csproj", "{81F40CFE-69FF-4C2C-8759-260A782A813B}"
EndProject
Project("{9A19103F-16F7-4668-BE54-9A1E7A4F7556}") = "Servies", "API_LayersArchitecture\Servies\Servies.csproj", "{B43CCC20-F41C-4AB1-A5BC-EAA97AC552F1}"
EndProject
Project("{9A19103F-16F7-4668-BE54-9A1E7A4F7556}") = "App_LayersArchitecture", "API_LayersArchitecture\App_LayersArchitecture\App_LayersArchitecture.csproj", "{3E17A4C3-6B3C-452D-B9C1-1AAE24BCAB84}"
EndProject
Project("{2150E333-8FDC-42A3-9474-1A3956D46DE8}") = "Solution Items", "Solution Items", "{D37718DD-12F8-44FC-A6C9-AC75362AFC02}"
	ProjectSection(SolutionItems) = preProject
		.editorconfig = .editorconfig
	EndProjectSection
EndProject
Project("{2150E333-8FDC-42A3-9474-1A3956D46DE8}") = "Core", "Core", "{D7025575-F9B3-401C-AC3C-BC8861EB5E4C}"
EndProject
Project("{2150E333-8FDC-42A3-9474-1A3956D46DE8}") = "Infrastructure", "Infrastructure", "{5CB1CBE1-0BA6-44B0-86AE-3394B8C2E4BE}"
EndProject
Project("{2150E333-8FDC-42A3-9474-1A3956D46DE8}") = "Presentation", "Presentation", "{5531E967-2BE1-485C-922F-D58FF383ADBF}"
EndProject
Project("{2150E333-8FDC-42A3-9474-1A3956D46DE8}") = "Common", "Common", "{15956F82-9EC2-48E9-9812-19E81605DA26}"
EndProject
Project("{9A19103F-16F7-4668-BE54-9A1E7A4F7556}") = "Domain", "API_CleanArchitecture\Core\Domain\Domain.csproj", "{B831B5DF-679C-46A3-AD30-BB12D7CF8CCA}"
EndProject
Project("{9A19103F-16F7-4668-BE54-9A1E7A4F7556}") = "Application", "API_CleanArchitecture\Core\Application\Application.csproj", "{4FD399DF-096D-4E67-9385-2DD0C5C02380}"
EndProject
Project("{9A19103F-16F7-4668-BE54-9A1E7A4F7556}") = "Infrastructure", "API_CleanArchitecture\Infrastructure\Infrastructure\Infrastructure.csproj", "{55876B04-67CA-4E67-91D0-148D53167278}"
EndProject
Project("{9A19103F-16F7-4668-BE54-9A1E7A4F7556}") = "Persistence", "API_CleanArchitecture\Infrastructure\Persistence\Persistence.csproj", "{1BB00983-F128-4EB7-84C9-DBB7A8E2CD69}"
EndProject
Project("{9A19103F-16F7-4668-BE54-9A1E7A4F7556}") = "SharedKernel", "API_CleanArchitecture\Common\SharedKernel\SharedKernel.csproj", "{4A91E6E8-9261-4D80-A46F-1757A35406D8}"
EndProject
Project("{9A19103F-16F7-4668-BE54-9A1E7A4F7556}") = "App_CleanArchitecture", "API_CleanArchitecture\Presentation\App_CleanArchitecture\App_CleanArchitecture.csproj", "{ED994D53-6604-4F7E-B058-106BB571E1BD}"
EndProject
Project("{2150E333-8FDC-42A3-9474-1A3956D46DE8}") = "ADO", "ADO", "{47099DDF-FA6E-4526-9F29-32971954CABF}"
EndProject
Global
	GlobalSection(SolutionConfigurationPlatforms) = preSolution
		Debug|Any CPU = Debug|Any CPU
		Release|Any CPU = Release|Any CPU
	EndGlobalSection
	GlobalSection(ProjectConfigurationPlatforms) = postSolution
		{5B76F146-F8D5-48AC-90D7-847784AC14D3}.Debug|Any CPU.ActiveCfg = Debug|Any CPU
		{5B76F146-F8D5-48AC-90D7-847784AC14D3}.Debug|Any CPU.Build.0 = Debug|Any CPU
		{5B76F146-F8D5-48AC-90D7-847784AC14D3}.Release|Any CPU.ActiveCfg = Release|Any CPU
		{5B76F146-F8D5-48AC-90D7-847784AC14D3}.Release|Any CPU.Build.0 = Release|Any CPU
		{81F40CFE-69FF-4C2C-8759-260A782A813B}.Debug|Any CPU.ActiveCfg = Debug|Any CPU
		{81F40CFE-69FF-4C2C-8759-260A782A813B}.Debug|Any CPU.Build.0 = Debug|Any CPU
		{81F40CFE-69FF-4C2C-8759-260A782A813B}.Release|Any CPU.ActiveCfg = Release|Any CPU
		{81F40CFE-69FF-4C2C-8759-260A782A813B}.Release|Any CPU.Build.0 = Release|Any CPU
		{B43CCC20-F41C-4AB1-A5BC-EAA97AC552F1}.Debug|Any CPU.ActiveCfg = Debug|Any CPU
		{B43CCC20-F41C-4AB1-A5BC-EAA97AC552F1}.Debug|Any CPU.Build.0 = Debug|Any CPU
		{B43CCC20-F41C-4AB1-A5BC-EAA97AC552F1}.Release|Any CPU.ActiveCfg = Release|Any CPU
		{B43CCC20-F41C-4AB1-A5BC-EAA97AC552F1}.Release|Any CPU.Build.0 = Release|Any CPU
		{3E17A4C3-6B3C-452D-B9C1-1AAE24BCAB84}.Debug|Any CPU.ActiveCfg = Debug|Any CPU
		{3E17A4C3-6B3C-452D-B9C1-1AAE24BCAB84}.Debug|Any CPU.Build.0 = Debug|Any CPU
		{3E17A4C3-6B3C-452D-B9C1-1AAE24BCAB84}.Release|Any CPU.ActiveCfg = Release|Any CPU
		{3E17A4C3-6B3C-452D-B9C1-1AAE24BCAB84}.Release|Any CPU.Build.0 = Release|Any CPU
		{B831B5DF-679C-46A3-AD30-BB12D7CF8CCA}.Debug|Any CPU.ActiveCfg = Debug|Any CPU
		{B831B5DF-679C-46A3-AD30-BB12D7CF8CCA}.Debug|Any CPU.Build.0 = Debug|Any CPU
		{B831B5DF-679C-46A3-AD30-BB12D7CF8CCA}.Release|Any CPU.ActiveCfg = Release|Any CPU
		{B831B5DF-679C-46A3-AD30-BB12D7CF8CCA}.Release|Any CPU.Build.0 = Release|Any CPU
		{4FD399DF-096D-4E67-9385-2DD0C5C02380}.Debug|Any CPU.ActiveCfg = Debug|Any CPU
		{4FD399DF-096D-4E67-9385-2DD0C5C02380}.Debug|Any CPU.Build.0 = Debug|Any CPU
		{4FD399DF-096D-4E67-9385-2DD0C5C02380}.Release|Any CPU.ActiveCfg = Release|Any CPU
		{4FD399DF-096D-4E67-9385-2DD0C5C02380}.Release|Any CPU.Build.0 = Release|Any CPU
		{55876B04-67CA-4E67-91D0-148D53167278}.Debug|Any CPU.ActiveCfg = Debug|Any CPU
		{55876B04-67CA-4E67-91D0-148D53167278}.Debug|Any CPU.Build.0 = Debug|Any CPU
		{55876B04-67CA-4E67-91D0-148D53167278}.Release|Any CPU.ActiveCfg = Release|Any CPU
		{55876B04-67CA-4E67-91D0-148D53167278}.Release|Any CPU.Build.0 = Release|Any CPU
		{1BB00983-F128-4EB7-84C9-DBB7A8E2CD69}.Debug|Any CPU.ActiveCfg = Debug|Any CPU
		{1BB00983-F128-4EB7-84C9-DBB7A8E2CD69}.Debug|Any CPU.Build.0 = Debug|Any CPU
		{1BB00983-F128-4EB7-84C9-DBB7A8E2CD69}.Release|Any CPU.ActiveCfg = Release|Any CPU
		{1BB00983-F128-4EB7-84C9-DBB7A8E2CD69}.Release|Any CPU.Build.0 = Release|Any CPU
		{4A91E6E8-9261-4D80-A46F-1757A35406D8}.Debug|Any CPU.ActiveCfg = Debug|Any CPU
		{4A91E6E8-9261-4D80-A46F-1757A35406D8}.Debug|Any CPU.Build.0 = Debug|Any CPU
		{4A91E6E8-9261-4D80-A46F-1757A35406D8}.Release|Any CPU.ActiveCfg = Release|Any CPU
		{4A91E6E8-9261-4D80-A46F-1757A35406D8}.Release|Any CPU.Build.0 = Release|Any CPU
		{ED994D53-6604-4F7E-B058-106BB571E1BD}.Debug|Any CPU.ActiveCfg = Debug|Any CPU
		{ED994D53-6604-4F7E-B058-106BB571E1BD}.Debug|Any CPU.Build.0 = Debug|Any CPU
		{ED994D53-6604-4F7E-B058-106BB571E1BD}.Release|Any CPU.ActiveCfg = Release|Any CPU
		{ED994D53-6604-4F7E-B058-106BB571E1BD}.Release|Any CPU.Build.0 = Release|Any CPU
	EndGlobalSection
	GlobalSection(SolutionProperties) = preSolution
		HideSolutionNode = FALSE
	EndGlobalSection
	GlobalSection(NestedProjects) = preSolution
		{5B76F146-F8D5-48AC-90D7-847784AC14D3} = {43B8A374-3BF9-4CAC-B648-2DDF4460FC07}
		{81F40CFE-69FF-4C2C-8759-260A782A813B} = {43B8A374-3BF9-4CAC-B648-2DDF4460FC07}
		{B43CCC20-F41C-4AB1-A5BC-EAA97AC552F1} = {43B8A374-3BF9-4CAC-B648-2DDF4460FC07}
		{3E17A4C3-6B3C-452D-B9C1-1AAE24BCAB84} = {43B8A374-3BF9-4CAC-B648-2DDF4460FC07}
		{D7025575-F9B3-401C-AC3C-BC8861EB5E4C} = {BE504269-882A-4F63-B6F6-2E452D8CAFAD}
		{5CB1CBE1-0BA6-44B0-86AE-3394B8C2E4BE} = {BE504269-882A-4F63-B6F6-2E452D8CAFAD}
		{5531E967-2BE1-485C-922F-D58FF383ADBF} = {BE504269-882A-4F63-B6F6-2E452D8CAFAD}
		{15956F82-9EC2-48E9-9812-19E81605DA26} = {BE504269-882A-4F63-B6F6-2E452D8CAFAD}
		{B831B5DF-679C-46A3-AD30-BB12D7CF8CCA} = {D7025575-F9B3-401C-AC3C-BC8861EB5E4C}
		{4FD399DF-096D-4E67-9385-2DD0C5C02380} = {D7025575-F9B3-401C-AC3C-BC8861EB5E4C}
		{55876B04-67CA-4E67-91D0-148D53167278} = {5CB1CBE1-0BA6-44B0-86AE-3394B8C2E4BE}
		{1BB00983-F128-4EB7-84C9-DBB7A8E2CD69} = {5CB1CBE1-0BA6-44B0-86AE-3394B8C2E4BE}
		{4A91E6E8-9261-4D80-A46F-1757A35406D8} = {15956F82-9EC2-48E9-9812-19E81605DA26}
		{ED994D53-6604-4F7E-B058-106BB571E1BD} = {5531E967-2BE1-485C-922F-D58FF383ADBF}
	EndGlobalSection
	GlobalSection(ExtensibilityGlobals) = postSolution
		SolutionGuid = {92F61580-2793-4C9F-89EC-DDF2450BB521}
	EndGlobalSection
EndGlobal
