
Microsoft Visual Studio Solution File, Format Version 12.00
# Visual Studio Version 17
VisualStudioVersion = 17.2.32602.215
MinimumVisualStudioVersion = 10.0.40219.1
Project("{2150E333-8FDC-42A3-9474-1A3956D46DE8}") = "API_LayersArchitecture", "API_LayersArchitecture", "{43B8A374-3BF9-4CAC-B648-2DDF4460FC07}"
EndProject
Project("{2150E333-8FDC-42A3-9474-1A3956D46DE8}") = "API_CleanArchitecture", "API_CleanArchitecture", "{BE504269-882A-4F63-B6F6-2E452D8CAFAD}"
EndProject
Project("{9A19103F-16F7-4668-BE54-9A1E7A4F7556}") = "Data", "API_LayersArchitecture\Data\Data.csproj", "{5B76F146-F8D5-48AC-90D7-847784AC14D3}"
EndProject
Project("{9A19103F-16F7-4668-BE54-9A1E7A4F7556}") = "Models", "API_LayersArchitecture\Models\Models.csproj", "{81F40CFE-69FF-4C2C-8759-260A782A813B}"
EndProject
Project("{9A19103F-16F7-4668-BE54-9A1E7A4F7556}") = "Servies", "API_LayersArchitecture\Servies\Servies.csproj", "{B43CCC20-F41C-4AB1-A5BC-EAA97AC552F1}"
EndProject
Project("{9A19103F-16F7-4668-BE54-9A1E7A4F7556}") = "App_LayersArchitecture", "API_LayersArchitecture\App_LayersArchitecture\App_LayersArchitecture.csproj", "{3E17A4C3-6B3C-452D-B9C1-1AAE24BCAB84}"
EndProject
Project("{2150E333-8FDC-42A3-9474-1A3956D46DE8}") = "Solution Items", "Solution Items", "{D37718DD-12F8-44FC-A6C9-AC75362AFC02}"
	ProjectSection(SolutionItems) = preProject
		.editorconfig = .editorconfig
	EndProjectSection
EndProject
Global
	GlobalSection(SolutionConfigurationPlatforms) = preSolution
		Debug|Any CPU = Debug|Any CPU
		Release|Any CPU = Release|Any CPU
	EndGlobalSection
	GlobalSection(ProjectConfigurationPlatforms) = postSolution
		{5B76F146-F8D5-48AC-90D7-847784AC14D3}.Debug|Any CPU.ActiveCfg = Debug|Any CPU
		{5B76F146-F8D5-48AC-90D7-847784AC14D3}.Debug|Any CPU.Build.0 = Debug|Any CPU
		{5B76F146-F8D5-48AC-90D7-847784AC14D3}.Release|Any CPU.ActiveCfg = Release|Any CPU
		{5B76F146-F8D5-48AC-90D7-847784AC14D3}.Release|Any CPU.Build.0 = Release|Any CPU
		{81F40CFE-69FF-4C2C-8759-260A782A813B}.Debug|Any CPU.ActiveCfg = Debug|Any CPU
		{81F40CFE-69FF-4C2C-8759-260A782A813B}.Debug|Any CPU.Build.0 = Debug|Any CPU
		{81F40CFE-69FF-4C2C-8759-260A782A813B}.Release|Any CPU.ActiveCfg = Release|Any CPU
		{81F40CFE-69FF-4C2C-8759-260A782A813B}.Release|Any CPU.Build.0 = Release|Any CPU
		{B43CCC20-F41C-4AB1-A5BC-EAA97AC552F1}.Debug|Any CPU.ActiveCfg = Debug|Any CPU
		{B43CCC20-F41C-4AB1-A5BC-EAA97AC552F1}.Debug|Any CPU.Build.0 = Debug|Any CPU
		{B43CCC20-F41C-4AB1-A5BC-EAA97AC552F1}.Release|Any CPU.ActiveCfg = Release|Any CPU
		{B43CCC20-F41C-4AB1-A5BC-EAA97AC552F1}.Release|Any CPU.Build.0 = Release|Any CPU
		{3E17A4C3-6B3C-452D-B9C1-1AAE24BCAB84}.Debug|Any CPU.ActiveCfg = Debug|Any CPU
		{3E17A4C3-6B3C-452D-B9C1-1AAE24BCAB84}.Debug|Any CPU.Build.0 = Debug|Any CPU
		{3E17A4C3-6B3C-452D-B9C1-1AAE24BCAB84}.Release|Any CPU.ActiveCfg = Release|Any CPU
		{3E17A4C3-6B3C-452D-B9C1-1AAE24BCAB84}.Release|Any CPU.Build.0 = Release|Any CPU
	EndGlobalSection
	GlobalSection(SolutionProperties) = preSolution
		HideSolutionNode = FALSE
	EndGlobalSection
	GlobalSection(NestedProjects) = preSolution
		{5B76F146-F8D5-48AC-90D7-847784AC14D3} = {43B8A374-3BF9-4CAC-B648-2DDF4460FC07}
		{81F40CFE-69FF-4C2C-8759-260A782A813B} = {43B8A374-3BF9-4CAC-B648-2DDF4460FC07}
		{B43CCC20-F41C-4AB1-A5BC-EAA97AC552F1} = {43B8A374-3BF9-4CAC-B648-2DDF4460FC07}
		{3E17A4C3-6B3C-452D-B9C1-1AAE24BCAB84} = {43B8A374-3BF9-4CAC-B648-2DDF4460FC07}
	EndGlobalSection
	GlobalSection(ExtensibilityGlobals) = postSolution
		SolutionGuid = {92F61580-2793-4C9F-89EC-DDF2450BB521}
	EndGlobalSection
EndGlobal
