
Microsoft Visual Studio Solution File, Format Version 12.00
# Visual Studio Version 17
VisualStudioVersion = 17.2.32602.215
MinimumVisualStudioVersion = 10.0.40219.1
Project("{2150E333-8FDC-42A3-9474-1A3956D46DE8}") = "API LayerArchitecture", "API LayerArchitecture", "{524F6041-2F48-49DD-AFE2-47DA43449EF3}"
EndProject
Project("{2150E333-8FDC-42A3-9474-1A3956D46DE8}") = "API CleanArchitecture", "API CleanArchitecture", "{CF94CEAB-6159-4C72-B6EA-A3F0B38EEEE5}"
EndProject
Project("{2150E333-8FDC-42A3-9474-1A3956D46DE8}") = "API", "API", "{D8D7CD61-1949-45AB-9E62-E360F47F5000}"
EndProject
Global
	GlobalSection(SolutionProperties) = preSolution
		HideSolutionNode = FALSE
	EndGlobalSection
	GlobalSection(ExtensibilityGlobals) = postSolution
		SolutionGuid = {A848D9C5-F8B3-4D27-AD79-DD2F64BF8E00}
	EndGlobalSection
EndGlobal
